{
    "requires": true,
    "lockfileVersion": 1,
    "dependencies": {
        "jquery": {
            "version": "3.2.0",
            "resolved": "https://registry.npmjs.org/jquery/-/jquery-3.2.0.tgz",
            "integrity": "sha512-WsYJ4O1VHy0/8YeiMw0+DrRgqxQK9yzzem/kELh5abmIIm6aKd+6xq719wv5n07yPgV1jYydLpdyCjUQsBd4CA=="
        }
    }
}
